{
  "object": {
    "pins": [
      {
        "package": "GroupedSection",
        "repositoryURL": "https://github.com/ralfebert/GroupedSection.git",
        "state": {
          "branch": "master",
          "revision": "2df006b47d4de2ff2c4ad4d9d818be85c7983fbe",
          "version": null
        }
      }
    ]
  },
  "version": 1
}
